<?xml version="1.0" encoding="utf-8"?>
<Project ToolsVersion="4.0" xmlns="http://schemas.microsoft.com/developer/msbuild/2003">
  <ItemGroup>
    <Filter Include="Source Files">
      <UniqueIdentifier>{bc1180eb-a020-4098-af0e-ce1601d8d1c2}</UniqueIdentifier>
    </Filter>
    <Filter Include="Header Files">
      <UniqueIdentifier>{07659986-a4a3-49e7-9d3e-13bc5ab7dd1e}</UniqueIdentifier>
    </Filter>
  </ItemGroup>
  <ItemGroup>
    <ClCompile Include="src\main.c">
      <Filter>Source Files</Filter>
    </ClCompile>
    <ClCompile Include="src\init.c">
      <Filter>Source Files</Filter>
    </ClCompile>
    <ClCompile Include="src\graphics.c">
      <Filter>Source Files</Filter>
    </ClCompile>
    <ClCompile Include="src\hid.c">
      <Filter>Source Files</Filter>
    </ClCompile>
    <ClCompile Include="src\player.c">
      <Filter>Source Files</Filter>
    </ClCompile>
    <ClCompile Include="src\menu.c">
      <Filter>Source Files</Filter>
    </ClCompile>
    <ClCompile Include="src\splash.c">
      <Filter>Source Files</Filter>
    </ClCompile>
  </ItemGroup>
  <ItemGroup>
    <ClInclude Include="lib\structs.h">
      <Filter>Header Files</Filter>
    </ClInclude>
    <ClInclude Include="lib\init.h">
      <Filter>Header Files</Filter>
    </ClInclude>
    <ClInclude Include="lib\graphics.h">
      <Filter>Header Files</Filter>
    </ClInclude>
    <ClInclude Include="lib\hid.h">
      <Filter>Header Files</Filter>
    </ClInclude>
    <ClInclude Include="lib\player.h">
      <Filter>Header Files</Filter>
    </ClInclude>
    <ClInclude Include="lib\menu.h">
      <Filter>Header Files</Filter>
    </ClInclude>
    <ClInclude Include="lib\splash.h">
      <Filter>Header Files</Filter>
    </ClInclude>
  </ItemGroup>
</Project>